%{"conform": {:hex, :conform, "0.13.0"},
  "cowboy": {:hex, :cowboy, "1.0.0"},
  "cowlib": {:hex, :cowlib, "1.0.1"},
  "elixir_ale": {:git, "git://github.com/fhunleth/elixir_ale.git", "116eae175461548913c768df2d1322cfdbdcc733", [tag: "master"]},
  "exjsx": {:hex, :exjsx, "3.1.0"},
  "exrm": {:hex, :exrm, "0.15.0"},
  "jsx": {:hex, :jsx, "2.4.0"},
  "net_basic": {:git, "git://github.com/fhunleth/net_basic.ex.git", "75874b30085acd475bc30d68913e2e171b0badb0", [tag: "master"]},
  "net_managers": {:git, "git://github.com/fhunleth/net_managers.ex.git", "6e26600ceac7ad4ba2ee7fc7cc068a3606ac4e5b", [tag: "master"]},
  "ranch": {:hex, :ranch, "1.0.0"},
  "wpa_supplicant": {:git, "git://github.com/fhunleth/wpa_supplicant.ex.git", "2a938ea67659b49e35141610ae97c9b906084a8c", [tag: "master"]}}
